// !$*UTF8*$!
{
	archiveVersion = 1;
	classes = {
	};
	objectVersion = 50;
	objects = {

/* Begin PBXBuildFile section */
		6419D2532752174400A2451C /* WaterMovingViewController.swift in Sources */ = {isa = PBXBuildFile; fileRef = 6419D2522752174400A2451C /* WaterMovingViewController.swift */; };
		6444C398275CE2F100F4C0F3 /* BirthdayDatePicker.swift in Sources */ = {isa = PBXBuildFile; fileRef = 6444C397275CE2F100F4C0F3 /* BirthdayDatePicker.swift */; };
		645C07C3275E4AF20024A49F /* styleAndColor.swift in Sources */ = {isa = PBXBuildFile; fileRef = 645C07C2275E4AF20024A49F /* styleAndColor.swift */; };
		6490A0BE2749EF2400D9D547 /* typeOfAll.swift in Sources */ = {isa = PBXBuildFile; fileRef = 6490A0BD2749EF2400D9D547 /* typeOfAll.swift */; };
		6491189C285E0729004BE13F /* BrainPartViewController.swift in Sources */ = {isa = PBXBuildFile; fileRef = 6491189B285E0729004BE13F /* BrainPartViewController.swift */; };
		64B0F6B22762FB660028DCE6 /* NameListViewController.swift in Sources */ = {isa = PBXBuildFile; fileRef = 64B0F6B12762FB660028DCE6 /* NameListViewController.swift */; };
		64B0F6B42763071B0028DCE6 /* NameListTableViewCell.swift in Sources */ = {isa = PBXBuildFile; fileRef = 64B0F6B32763071B0028DCE6 /* NameListTableViewCell.swift */; };
		64B0F6B62763596E0028DCE6 /* NameDetailViewController.swift in Sources */ = {isa = PBXBuildFile; fileRef = 64B0F6B52763596E0028DCE6 /* NameDetailViewController.swift */; };
		64B0F6B9276389EA0028DCE6 /* SelfViewController.swift in Sources */ = {isa = PBXBuildFile; fileRef = 64B0F6B8276389EA0028DCE6 /* SelfViewController.swift */; };
		64C69E7228537F4A00B567E4 /* AssistanceCharacters.plist in Resources */ = {isa = PBXBuildFile; fileRef = 64C69E7128537F4900B567E4 /* AssistanceCharacters.plist */; };
		64C69E74285389B900B567E4 /* EqualCharacters.plist in Resources */ = {isa = PBXBuildFile; fileRef = 64C69E73285389B900B567E4 /* EqualCharacters.plist */; };
		64D7A82727378047006C7479 /* globalFunc.swift in Sources */ = {isa = PBXBuildFile; fileRef = 64D7A82627378047006C7479 /* globalFunc.swift */; };
		64D7A82927378133006C7479 /* FirstPageViewController.swift in Sources */ = {isa = PBXBuildFile; fileRef = 64D7A82827378133006C7479 /* FirstPageViewController.swift */; };
		64D7A82B2737822E006C7479 /* KeyInNameViewController.swift in Sources */ = {isa = PBXBuildFile; fileRef = 64D7A82A2737822E006C7479 /* KeyInNameViewController.swift */; };
		64D7A82D27378246006C7479 /* NameNumViewController.swift in Sources */ = {isa = PBXBuildFile; fileRef = 64D7A82C27378246006C7479 /* NameNumViewController.swift */; };
		64D7A82F2737826E006C7479 /* NameListTableViewController.swift in Sources */ = {isa = PBXBuildFile; fileRef = 64D7A82E2737826E006C7479 /* NameListTableViewController.swift */; };
		64D7DDB6271DB4C8004838B0 /* AppDelegate.swift in Sources */ = {isa = PBXBuildFile; fileRef = 64D7DDB5271DB4C8004838B0 /* AppDelegate.swift */; };
		64D7DDB8271DB4C8004838B0 /* SceneDelegate.swift in Sources */ = {isa = PBXBuildFile; fileRef = 64D7DDB7271DB4C8004838B0 /* SceneDelegate.swift */; };
		64D7DDBA271DB4C8004838B0 /* ViewController.swift in Sources */ = {isa = PBXBuildFile; fileRef = 64D7DDB9271DB4C8004838B0 /* ViewController.swift */; };
		64D7DDBD271DB4C8004838B0 /* Main.storyboard in Resources */ = {isa = PBXBuildFile; fileRef = 64D7DDBB271DB4C8004838B0 /* Main.storyboard */; };
		64D7DDBF271DB4CA004838B0 /* Assets.xcassets in Resources */ = {isa = PBXBuildFile; fileRef = 64D7DDBE271DB4CA004838B0 /* Assets.xcassets */; };
		64D7DDC2271DB4CA004838B0 /* LaunchScreen.storyboard in Resources */ = {isa = PBXBuildFile; fileRef = 64D7DDC0271DB4CA004838B0 /* LaunchScreen.storyboard */; };
		64D7DDCE271DC79F004838B0 /* dict_revised_1013.json in Resources */ = {isa = PBXBuildFile; fileRef = 64D7DDCD271DC79F004838B0 /* dict_revised_1013.json */; };
		64F299F2284F9EAB00CACAEA /* AgainstCharacters.plist in Resources */ = {isa = PBXBuildFile; fileRef = 64F299F1284F9EAB00CACAEA /* AgainstCharacters.plist */; };
/* End PBXBuildFile section */

/* Begin PBXFileReference section */
		6419D2522752174400A2451C /* WaterMovingViewController.swift */ = {isa = PBXFileReference; lastKnownFileType = sourcecode.swift; path = WaterMovingViewController.swift; sourceTree = "<group>"; };
		6444C397275CE2F100F4C0F3 /* BirthdayDatePicker.swift */ = {isa = PBXFileReference; lastKnownFileType = sourcecode.swift; path = BirthdayDatePicker.swift; sourceTree = "<group>"; };
		645C07C2275E4AF20024A49F /* styleAndColor.swift */ = {isa = PBXFileReference; lastKnownFileType = sourcecode.swift; path = styleAndColor.swift; sourceTree = "<group>"; };
		6490A0BD2749EF2400D9D547 /* typeOfAll.swift */ = {isa = PBXFileReference; lastKnownFileType = sourcecode.swift; path = typeOfAll.swift; sourceTree = "<group>"; };
		6491189B285E0729004BE13F /* BrainPartViewController.swift */ = {isa = PBXFileReference; lastKnownFileType = sourcecode.swift; path = BrainPartViewController.swift; sourceTree = "<group>"; };
		64B0F6B12762FB660028DCE6 /* NameListViewController.swift */ = {isa = PBXFileReference; lastKnownFileType = sourcecode.swift; path = NameListViewController.swift; sourceTree = "<group>"; };
		64B0F6B32763071B0028DCE6 /* NameListTableViewCell.swift */ = {isa = PBXFileReference; lastKnownFileType = sourcecode.swift; path = NameListTableViewCell.swift; sourceTree = "<group>"; };
		64B0F6B52763596E0028DCE6 /* NameDetailViewController.swift */ = {isa = PBXFileReference; lastKnownFileType = sourcecode.swift; path = NameDetailViewController.swift; sourceTree = "<group>"; };
		64B0F6B8276389EA0028DCE6 /* SelfViewController.swift */ = {isa = PBXFileReference; lastKnownFileType = sourcecode.swift; path = SelfViewController.swift; sourceTree = "<group>"; };
		64C69E7128537F4900B567E4 /* AssistanceCharacters.plist */ = {isa = PBXFileReference; lastKnownFileType = text.plist.xml; path = AssistanceCharacters.plist; sourceTree = "<group>"; };
		64C69E73285389B900B567E4 /* EqualCharacters.plist */ = {isa = PBXFileReference; lastKnownFileType = text.plist.xml; path = EqualCharacters.plist; sourceTree = "<group>"; };
		64D7A82627378047006C7479 /* globalFunc.swift */ = {isa = PBXFileReference; lastKnownFileType = sourcecode.swift; path = globalFunc.swift; sourceTree = "<group>"; };
		64D7A82827378133006C7479 /* FirstPageViewController.swift */ = {isa = PBXFileReference; lastKnownFileType = sourcecode.swift; path = FirstPageViewController.swift; sourceTree = "<group>"; };
		64D7A82A2737822E006C7479 /* KeyInNameViewController.swift */ = {isa = PBXFileReference; lastKnownFileType = sourcecode.swift; path = KeyInNameViewController.swift; sourceTree = "<group>"; };
		64D7A82C27378246006C7479 /* NameNumViewController.swift */ = {isa = PBXFileReference; lastKnownFileType = sourcecode.swift; path = NameNumViewController.swift; sourceTree = "<group>"; };
		64D7A82E2737826E006C7479 /* NameListTableViewController.swift */ = {isa = PBXFileReference; lastKnownFileType = sourcecode.swift; path = NameListTableViewController.swift; sourceTree = "<group>"; };
		64D7DDB2271DB4C8004838B0 /* TheoryOfName.app */ = {isa = PBXFileReference; explicitFileType = wrapper.application; includeInIndex = 0; path = TheoryOfName.app; sourceTree = BUILT_PRODUCTS_DIR; };
		64D7DDB5271DB4C8004838B0 /* AppDelegate.swift */ = {isa = PBXFileReference; lastKnownFileType = sourcecode.swift; path = AppDelegate.swift; sourceTree = "<group>"; };
		64D7DDB7271DB4C8004838B0 /* SceneDelegate.swift */ = {isa = PBXFileReference; lastKnownFileType = sourcecode.swift; path = SceneDelegate.swift; sourceTree = "<group>"; };
		64D7DDB9271DB4C8004838B0 /* ViewController.swift */ = {isa = PBXFileReference; lastKnownFileType = sourcecode.swift; path = ViewController.swift; sourceTree = "<group>"; };
		64D7DDBC271DB4C8004838B0 /* Base */ = {isa = PBXFileReference; lastKnownFileType = file.storyboard; name = Base; path = Base.lproj/Main.storyboard; sourceTree = "<group>"; };
		64D7DDBE271DB4CA004838B0 /* Assets.xcassets */ = {isa = PBXFileReference; lastKnownFileType = folder.assetcatalog; path = Assets.xcassets; sourceTree = "<group>"; };
		64D7DDC1271DB4CA004838B0 /* Base */ = {isa = PBXFileReference; lastKnownFileType = file.storyboard; name = Base; path = Base.lproj/LaunchScreen.storyboard; sourceTree = "<group>"; };
		64D7DDC3271DB4CA004838B0 /* Info.plist */ = {isa = PBXFileReference; lastKnownFileType = text.plist.xml; path = Info.plist; sourceTree = "<group>"; };
		64D7DDCD271DC79F004838B0 /* dict_revised_1013.json */ = {isa = PBXFileReference; fileEncoding = 4; lastKnownFileType = text.json; name = dict_revised_1013.json; path = Assets.xcassets/dict_revised_1013.dataset/dict_revised_1013.json; sourceTree = "<group>"; };
		64F299F1284F9EAB00CACAEA /* AgainstCharacters.plist */ = {isa = PBXFileReference; lastKnownFileType = text.plist.xml; path = AgainstCharacters.plist; sourceTree = "<group>"; };
/* End PBXFileReference section */

/* Begin PBXFrameworksBuildPhase section */
		64D7DDAF271DB4C8004838B0 /* Frameworks */ = {
			isa = PBXFrameworksBuildPhase;
			buildActionMask = 2147483647;
			files = (
			);
			runOnlyForDeploymentPostprocessing = 0;
		};
/* End PBXFrameworksBuildPhase section */

/* Begin PBXGroup section */
		6444C396275CE2AB00F4C0F3 /* Something Tool */ = {
			isa = PBXGroup;
			children = (
				6444C397275CE2F100F4C0F3 /* BirthdayDatePicker.swift */,
			);
			path = "Something Tool";
			sourceTree = "<group>";
		};
		64B0F6AE2762FB2C0028DCE6 /* NameRecords */ = {
			isa = PBXGroup;
			children = (
				64B0F6B12762FB660028DCE6 /* NameListViewController.swift */,
				64B0F6B32763071B0028DCE6 /* NameListTableViewCell.swift */,
				64B0F6B52763596E0028DCE6 /* NameDetailViewController.swift */,
			);
			path = NameRecords;
			sourceTree = "<group>";
		};
		64B0F6B7276389D00028DCE6 /* SelfViewController */ = {
			isa = PBXGroup;
			children = (
				64B0F6B8276389EA0028DCE6 /* SelfViewController.swift */,
			);
			path = SelfViewController;
			sourceTree = "<group>";
		};
		64D7A82527377FDE006C7479 /* global_func */ = {
			isa = PBXGroup;
			children = (
				64D7A82627378047006C7479 /* globalFunc.swift */,
				6490A0BD2749EF2400D9D547 /* typeOfAll.swift */,
				645C07C2275E4AF20024A49F /* styleAndColor.swift */,
			);
			path = global_func;
			sourceTree = "<group>";
		};
		64D7DDA9271DB4C8004838B0 = {
			isa = PBXGroup;
			children = (
				64D7DDB4271DB4C8004838B0 /* TheoryOfName */,
				64D7DDB3271DB4C8004838B0 /* Products */,
			);
			sourceTree = "<group>";
		};
		64D7DDB3271DB4C8004838B0 /* Products */ = {
			isa = PBXGroup;
			children = (
				64D7DDB2271DB4C8004838B0 /* TheoryOfName.app */,
			);
			name = Products;
			sourceTree = "<group>";
		};
		64D7DDB4271DB4C8004838B0 /* TheoryOfName */ = {
			isa = PBXGroup;
			children = (
				64F299EE284F98B800CACAEA /* Text Data */,
				64D7A82527377FDE006C7479 /* global_func */,
				64D7DDCA271DB4E3004838B0 /* ViewController */,
				64D7DDC9271DB4D1004838B0 /* storyboard */,
				64D7DDB5271DB4C8004838B0 /* AppDelegate.swift */,
				64D7DDB7271DB4C8004838B0 /* SceneDelegate.swift */,
				64D7DDBE271DB4CA004838B0 /* Assets.xcassets */,
				64D7DDC0271DB4CA004838B0 /* LaunchScreen.storyboard */,
				64D7DDC3271DB4CA004838B0 /* Info.plist */,
				64D7DDCD271DC79F004838B0 /* dict_revised_1013.json */,
			);
			path = TheoryOfName;
			sourceTree = "<group>";
		};
		64D7DDC9271DB4D1004838B0 /* storyboard */ = {
			isa = PBXGroup;
			children = (
				64D7DDBB271DB4C8004838B0 /* Main.storyboard */,
			);
			path = storyboard;
			sourceTree = "<group>";
		};
		64D7DDCA271DB4E3004838B0 /* ViewController */ = {
			isa = PBXGroup;
			children = (
				64B0F6B7276389D00028DCE6 /* SelfViewController */,
				64B0F6AE2762FB2C0028DCE6 /* NameRecords */,
				6444C396275CE2AB00F4C0F3 /* Something Tool */,
				64D7DDB9271DB4C8004838B0 /* ViewController.swift */,
				64D7A82827378133006C7479 /* FirstPageViewController.swift */,
				64D7A82A2737822E006C7479 /* KeyInNameViewController.swift */,
				64D7A82C27378246006C7479 /* NameNumViewController.swift */,
				64D7A82E2737826E006C7479 /* NameListTableViewController.swift */,
				6419D2522752174400A2451C /* WaterMovingViewController.swift */,
				6491189B285E0729004BE13F /* BrainPartViewController.swift */,
			);
			path = ViewController;
			sourceTree = "<group>";
		};
		64F299EE284F98B800CACAEA /* Text Data */ = {
			isa = PBXGroup;
			children = (
				64F299F1284F9EAB00CACAEA /* AgainstCharacters.plist */,
				64C69E7128537F4900B567E4 /* AssistanceCharacters.plist */,
				64C69E73285389B900B567E4 /* EqualCharacters.plist */,
			);
			path = "Text Data";
			sourceTree = "<group>";
		};
/* End PBXGroup section */

/* Begin PBXNativeTarget section */
		64D7DDB1271DB4C8004838B0 /* TheoryOfName */ = {
			isa = PBXNativeTarget;
			buildConfigurationList = 64D7DDC6271DB4CA004838B0 /* Build configuration list for PBXNativeTarget "TheoryOfName" */;
			buildPhases = (
				64D7DDAE271DB4C8004838B0 /* Sources */,
				64D7DDAF271DB4C8004838B0 /* Frameworks */,
				64D7DDB0271DB4C8004838B0 /* Resources */,
			);
			buildRules = (
			);
			dependencies = (
			);
			name = TheoryOfName;
			productName = TheoryOfName;
			productReference = 64D7DDB2271DB4C8004838B0 /* TheoryOfName.app */;
			productType = "com.apple.product-type.application";
		};
/* End PBXNativeTarget section */

/* Begin PBXProject section */
		64D7DDAA271DB4C8004838B0 /* Project object */ = {
			isa = PBXProject;
			attributes = {
				LastSwiftUpdateCheck = 1250;
				LastUpgradeCheck = 1250;
				TargetAttributes = {
					64D7DDB1271DB4C8004838B0 = {
						CreatedOnToolsVersion = 12.5;
					};
				};
			};
			buildConfigurationList = 64D7DDAD271DB4C8004838B0 /* Build configuration list for PBXProject "TheoryOfName" */;
			compatibilityVersion = "Xcode 9.3";
			developmentRegion = en;
			hasScannedForEncodings = 0;
			knownRegions = (
				en,
				Base,
			);
			mainGroup = 64D7DDA9271DB4C8004838B0;
			productRefGroup = 64D7DDB3271DB4C8004838B0 /* Products */;
			projectDirPath = "";
			projectRoot = "";
			targets = (
				64D7DDB1271DB4C8004838B0 /* TheoryOfName */,
			);
		};
/* End PBXProject section */

/* Begin PBXResourcesBuildPhase section */
		64D7DDB0271DB4C8004838B0 /* Resources */ = {
			isa = PBXResourcesBuildPhase;
			buildActionMask = 2147483647;
			files = (
				64D7DDC2271DB4CA004838B0 /* LaunchScreen.storyboard in Resources */,
				64C69E74285389B900B567E4 /* EqualCharacters.plist in Resources */,
				64C69E7228537F4A00B567E4 /* AssistanceCharacters.plist in Resources */,
				64D7DDBF271DB4CA004838B0 /* Assets.xcassets in Resources */,
				64D7DDBD271DB4C8004838B0 /* Main.storyboard in Resources */,
				64D7DDCE271DC79F004838B0 /* dict_revised_1013.json in Resources */,
				64F299F2284F9EAB00CACAEA /* AgainstCharacters.plist in Resources */,
			);
			runOnlyForDeploymentPostprocessing = 0;
		};
/* End PBXResourcesBuildPhase section */

/* Begin PBXSourcesBuildPhase section */
		64D7DDAE271DB4C8004838B0 /* Sources */ = {
			isa = PBXSourcesBuildPhase;
			buildActionMask = 2147483647;
			files = (
				64B0F6B42763071B0028DCE6 /* NameListTableViewCell.swift in Sources */,
				64B0F6B62763596E0028DCE6 /* NameDetailViewController.swift in Sources */,
				6490A0BE2749EF2400D9D547 /* typeOfAll.swift in Sources */,
				645C07C3275E4AF20024A49F /* styleAndColor.swift in Sources */,
				64D7A82F2737826E006C7479 /* NameListTableViewController.swift in Sources */,
				6491189C285E0729004BE13F /* BrainPartViewController.swift in Sources */,
				6444C398275CE2F100F4C0F3 /* BirthdayDatePicker.swift in Sources */,
				6419D2532752174400A2451C /* WaterMovingViewController.swift in Sources */,
				64B0F6B22762FB660028DCE6 /* NameListViewController.swift in Sources */,
				64D7A82727378047006C7479 /* globalFunc.swift in Sources */,
				64D7DDBA271DB4C8004838B0 /* ViewController.swift in Sources */,
				64D7A82B2737822E006C7479 /* KeyInNameViewController.swift in Sources */,
				64D7A82927378133006C7479 /* FirstPageViewController.swift in Sources */,
				64B0F6B9276389EA0028DCE6 /* SelfViewController.swift in Sources */,
				64D7DDB6271DB4C8004838B0 /* AppDelegate.swift in Sources */,
				64D7DDB8271DB4C8004838B0 /* SceneDelegate.swift in Sources */,
				64D7A82D27378246006C7479 /* NameNumViewController.swift in Sources */,
			);
			runOnlyForDeploymentPostprocessing = 0;
		};
/* End PBXSourcesBuildPhase section */

/* Begin PBXVariantGroup section */
		64D7DDBB271DB4C8004838B0 /* Main.storyboard */ = {
			isa = PBXVariantGroup;
			children = (
				64D7DDBC271DB4C8004838B0 /* Base */,
			);
			name = Main.storyboard;
			sourceTree = "<group>";
		};
		64D7DDC0271DB4CA004838B0 /* LaunchScreen.storyboard */ = {
			isa = PBXVariantGroup;
			children = (
				64D7DDC1271DB4CA004838B0 /* Base */,
			);
			name = LaunchScreen.storyboard;
			sourceTree = "<group>";
		};
/* End PBXVariantGroup section */

/* Begin XCBuildConfiguration section */
		64D7DDC4271DB4CA004838B0 /* Debug */ = {
			isa = XCBuildConfiguration;
			buildSettings = {
				ALWAYS_SEARCH_USER_PATHS = NO;
				CLANG_ANALYZER_NONNULL = YES;
				CLANG_ANALYZER_NUMBER_OBJECT_CONVERSION = YES_AGGRESSIVE;
				CLANG_CXX_LANGUAGE_STANDARD = "gnu++14";
				CLANG_CXX_LIBRARY = "libc++";
				CLANG_ENABLE_MODULES = YES;
				CLANG_ENABLE_OBJC_ARC = YES;
				CLANG_ENABLE_OBJC_WEAK = YES;
				CLANG_WARN_BLOCK_CAPTURE_AUTORELEASING = YES;
				CLANG_WARN_BOOL_CONVERSION = YES;
				CLANG_WARN_COMMA = YES;
				CLANG_WARN_CONSTANT_CONVERSION = YES;
				CLANG_WARN_DEPRECATED_OBJC_IMPLEMENTATIONS = YES;
				CLANG_WARN_DIRECT_OBJC_ISA_USAGE = YES_ERROR;
				CLANG_WARN_DOCUMENTATION_COMMENTS = YES;
				CLANG_WARN_EMPTY_BODY = YES;
				CLANG_WARN_ENUM_CONVERSION = YES;
				CLANG_WARN_INFINITE_RECURSION = YES;
				CLANG_WARN_INT_CONVERSION = YES;
				CLANG_WARN_NON_LITERAL_NULL_CONVERSION = YES;
				CLANG_WARN_OBJC_IMPLICIT_RETAIN_SELF = YES;
				CLANG_WARN_OBJC_LITERAL_CONVERSION = YES;
				CLANG_WARN_OBJC_ROOT_CLASS = YES_ERROR;
				CLANG_WARN_QUOTED_INCLUDE_IN_FRAMEWORK_HEADER = YES;
				CLANG_WARN_RANGE_LOOP_ANALYSIS = YES;
				CLANG_WARN_STRICT_PROTOTYPES = YES;
				CLANG_WARN_SUSPICIOUS_MOVE = YES;
				CLANG_WARN_UNGUARDED_AVAILABILITY = YES_AGGRESSIVE;
				CLANG_WARN_UNREACHABLE_CODE = YES;
				CLANG_WARN__DUPLICATE_METHOD_MATCH = YES;
				COPY_PHASE_STRIP = NO;
				DEBUG_INFORMATION_FORMAT = dwarf;
				ENABLE_STRICT_OBJC_MSGSEND = YES;
				ENABLE_TESTABILITY = YES;
				GCC_C_LANGUAGE_STANDARD = gnu11;
				GCC_DYNAMIC_NO_PIC = NO;
				GCC_NO_COMMON_BLOCKS = YES;
				GCC_OPTIMIZATION_LEVEL = 0;
				GCC_PREPROCESSOR_DEFINITIONS = (
					"DEBUG=1",
					"$(inherited)",
				);
				GCC_WARN_64_TO_32_BIT_CONVERSION = YES;
				GCC_WARN_ABOUT_RETURN_TYPE = YES_ERROR;
				GCC_WARN_UNDECLARED_SELECTOR = YES;
				GCC_WARN_UNINITIALIZED_AUTOS = YES_AGGRESSIVE;
				GCC_WARN_UNUSED_FUNCTION = YES;
				GCC_WARN_UNUSED_VARIABLE = YES;
				IPHONEOS_DEPLOYMENT_TARGET = 14.5;
				MTL_ENABLE_DEBUG_INFO = INCLUDE_SOURCE;
				MTL_FAST_MATH = YES;
				ONLY_ACTIVE_ARCH = YES;
				SDKROOT = iphoneos;
				SWIFT_ACTIVE_COMPILATION_CONDITIONS = DEBUG;
				SWIFT_OPTIMIZATION_LEVEL = "-Onone";
			};
			name = Debug;
		};
		64D7DDC5271DB4CA004838B0 /* Release */ = {
			isa = XCBuildConfiguration;
			buildSettings = {
				ALWAYS_SEARCH_USER_PATHS = NO;
				CLANG_ANALYZER_NONNULL = YES;
				CLANG_ANALYZER_NUMBER_OBJECT_CONVERSION = YES_AGGRESSIVE;
				CLANG_CXX_LANGUAGE_STANDARD = "gnu++14";
				CLANG_CXX_LIBRARY = "libc++";
				CLANG_ENABLE_MODULES = YES;
				CLANG_ENABLE_OBJC_ARC = YES;
				CLANG_ENABLE_OBJC_WEAK = YES;
				CLANG_WARN_BLOCK_CAPTURE_AUTORELEASING = YES;
				CLANG_WARN_BOOL_CONVERSION = YES;
				CLANG_WARN_COMMA = YES;
				CLANG_WARN_CONSTANT_CONVERSION = YES;
				CLANG_WARN_DEPRECATED_OBJC_IMPLEMENTATIONS = YES;
				CLANG_WARN_DIRECT_OBJC_ISA_USAGE = YES_ERROR;
				CLANG_WARN_DOCUMENTATION_COMMENTS = YES;
				CLANG_WARN_EMPTY_BODY = YES;
				CLANG_WARN_ENUM_CONVERSION = YES;
				CLANG_WARN_INFINITE_RECURSION = YES;
				CLANG_WARN_INT_CONVERSION = YES;
				CLANG_WARN_NON_LITERAL_NULL_CONVERSION = YES;
				CLANG_WARN_OBJC_IMPLICIT_RETAIN_SELF = YES;
				CLANG_WARN_OBJC_LITERAL_CONVERSION = YES;
				CLANG_WARN_OBJC_ROOT_CLASS = YES_ERROR;
				CLANG_WARN_QUOTED_INCLUDE_IN_FRAMEWORK_HEADER = YES;
				CLANG_WARN_RANGE_LOOP_ANALYSIS = YES;
				CLANG_WARN_STRICT_PROTOTYPES = YES;
				CLANG_WARN_SUSPICIOUS_MOVE = YES;
				CLANG_WARN_UNGUARDED_AVAILABILITY = YES_AGGRESSIVE;
				CLANG_WARN_UNREACHABLE_CODE = YES;
				CLANG_WARN__DUPLICATE_METHOD_MATCH = YES;
				COPY_PHASE_STRIP = NO;
				DEBUG_INFORMATION_FORMAT = "dwarf-with-dsym";
				ENABLE_NS_ASSERTIONS = NO;
				ENABLE_STRICT_OBJC_MSGSEND = YES;
				GCC_C_LANGUAGE_STANDARD = gnu11;
				GCC_NO_COMMON_BLOCKS = YES;
				GCC_WARN_64_TO_32_BIT_CONVERSION = YES;
				GCC_WARN_ABOUT_RETURN_TYPE = YES_ERROR;
				GCC_WARN_UNDECLARED_SELECTOR = YES;
				GCC_WARN_UNINITIALIZED_AUTOS = YES_AGGRESSIVE;
				GCC_WARN_UNUSED_FUNCTION = YES;
				GCC_WARN_UNUSED_VARIABLE = YES;
				IPHONEOS_DEPLOYMENT_TARGET = 14.5;
				MTL_ENABLE_DEBUG_INFO = NO;
				MTL_FAST_MATH = YES;
				SDKROOT = iphoneos;
				SWIFT_COMPILATION_MODE = wholemodule;
				SWIFT_OPTIMIZATION_LEVEL = "-O";
				VALIDATE_PRODUCT = YES;
			};
			name = Release;
		};
		64D7DDC7271DB4CA004838B0 /* Debug */ = {
			isa = XCBuildConfiguration;
			buildSettings = {
				ASSETCATALOG_COMPILER_APPICON_NAME = AppIcon;
				ASSETCATALOG_COMPILER_GLOBAL_ACCENT_COLOR_NAME = AccentColor;
				CODE_SIGN_STYLE = Automatic;
				DEVELOPMENT_TEAM = 4752TZW2QV;
				INFOPLIST_FILE = TheoryOfName/Info.plist;
				IPHONEOS_DEPLOYMENT_TARGET = 14.5;
				LD_RUNPATH_SEARCH_PATHS = (
					"$(inherited)",
					"@executable_path/Frameworks",
				);
				PRODUCT_BUNDLE_IDENTIFIER = stephen1.TheoryOfName;
				PRODUCT_NAME = "$(TARGET_NAME)";
				SWIFT_VERSION = 5.0;
				TARGETED_DEVICE_FAMILY = "1,2";
			};
			name = Debug;
		};
		64D7DDC8271DB4CA004838B0 /* Release */ = {
			isa = XCBuildConfiguration;
			buildSettings = {
				ASSETCATALOG_COMPILER_APPICON_NAME = AppIcon;
				ASSETCATALOG_COMPILER_GLOBAL_ACCENT_COLOR_NAME = AccentColor;
				CODE_SIGN_STYLE = Automatic;
				DEVELOPMENT_TEAM = 4752TZW2QV;
				INFOPLIST_FILE = TheoryOfName/Info.plist;
				IPHONEOS_DEPLOYMENT_TARGET = 14.5;
				LD_RUNPATH_SEARCH_PATHS = (
					"$(inherited)",
					"@executable_path/Frameworks",
				);
				PRODUCT_BUNDLE_IDENTIFIER = stephen1.TheoryOfName;
				PRODUCT_NAME = "$(TARGET_NAME)";
				SWIFT_VERSION = 5.0;
				TARGETED_DEVICE_FAMILY = "1,2";
			};
			name = Release;
		};
/* End XCBuildConfiguration section */

/* Begin XCConfigurationList section */
		64D7DDAD271DB4C8004838B0 /* Build configuration list for PBXProject "TheoryOfName" */ = {
			isa = XCConfigurationList;
			buildConfigurations = (
				64D7DDC4271DB4CA004838B0 /* Debug */,
				64D7DDC5271DB4CA004838B0 /* Release */,
			);
			defaultConfigurationIsVisible = 0;
			defaultConfigurationName = Release;
		};
		64D7DDC6271DB4CA004838B0 /* Build configuration list for PBXNativeTarget "TheoryOfName" */ = {
			isa = XCConfigurationList;
			buildConfigurations = (
				64D7DDC7271DB4CA004838B0 /* Debug */,
				64D7DDC8271DB4CA004838B0 /* Release */,
			);
			defaultConfigurationIsVisible = 0;
			defaultConfigurationName = Release;
		};
/* End XCConfigurationList section */
	};
	rootObject = 64D7DDAA271DB4C8004838B0 /* Project object */;
}
